// !$*UTF8*$!
{
	archiveVersion = 1;
	classes = {
	};
	objectVersion = 56;
	objects = {

/* Begin PBXBuildFile section */
		F916103E291AC1F1007A4ABD /* SnowSeekerApp.swift in Sources */ = {isa = PBXBuildFile; fileRef = F916103D291AC1F1007A4ABD /* SnowSeekerApp.swift */; };
		F9161040291AC1F1007A4ABD /* ContentView.swift in Sources */ = {isa = PBXBuildFile; fileRef = F916103F291AC1F1007A4ABD /* ContentView.swift */; };
		F9161042291AC1F3007A4ABD /* Assets.xcassets in Resources */ = {isa = PBXBuildFile; fileRef = F9161041291AC1F3007A4ABD /* Assets.xcassets */; };
		F9161045291AC1F3007A4ABD /* Preview Assets.xcassets in Resources */ = {isa = PBXBuildFile; fileRef = F9161044291AC1F3007A4ABD /* Preview Assets.xcassets */; };
		F9161066291ACC14007A4ABD /* resorts.json in Resources */ = {isa = PBXBuildFile; fileRef = F9161065291ACC14007A4ABD /* resorts.json */; };
		F9161068291ACCBC007A4ABD /* Resort.swift in Sources */ = {isa = PBXBuildFile; fileRef = F9161067291ACCBC007A4ABD /* Resort.swift */; };
		F916106A291ACD7D007A4ABD /* Bundle-Decodable.swift in Sources */ = {isa = PBXBuildFile; fileRef = F9161069291ACD7D007A4ABD /* Bundle-Decodable.swift */; };
		F9C47C5C291CE7C800791D00 /* WelcomeView.swift in Sources */ = {isa = PBXBuildFile; fileRef = F9C47C5B291CE7C700791D00 /* WelcomeView.swift */; };
		F9C47C5E291CED9400791D00 /* ResortView.swift in Sources */ = {isa = PBXBuildFile; fileRef = F9C47C5D291CED9400791D00 /* ResortView.swift */; };
		F9C47C60291CEEEF00791D00 /* SkiDetailsView.swift in Sources */ = {isa = PBXBuildFile; fileRef = F9C47C5F291CEEEF00791D00 /* SkiDetailsView.swift */; };
		F9C47C62291D023300791D00 /* ResortDetailsView.swift in Sources */ = {isa = PBXBuildFile; fileRef = F9C47C61291D023300791D00 /* ResortDetailsView.swift */; };
		F9C47C64291D1C3300791D00 /* Facility.swift in Sources */ = {isa = PBXBuildFile; fileRef = F9C47C63291D1C3300791D00 /* Facility.swift */; };
		F9C47C66291D22F400791D00 /* Favorites.swift in Sources */ = {isa = PBXBuildFile; fileRef = F9C47C65291D22F400791D00 /* Favorites.swift */; };
/* End PBXBuildFile section */

/* Begin PBXFileReference section */
		F916103A291AC1F1007A4ABD /* SnowSeeker.app */ = {isa = PBXFileReference; explicitFileType = wrapper.application; includeInIndex = 0; path = SnowSeeker.app; sourceTree = BUILT_PRODUCTS_DIR; };
		F916103D291AC1F1007A4ABD /* SnowSeekerApp.swift */ = {isa = PBXFileReference; lastKnownFileType = sourcecode.swift; path = SnowSeekerApp.swift; sourceTree = "<group>"; };
		F916103F291AC1F1007A4ABD /* ContentView.swift */ = {isa = PBXFileReference; lastKnownFileType = sourcecode.swift; path = ContentView.swift; sourceTree = "<group>"; };
		F9161041291AC1F3007A4ABD /* Assets.xcassets */ = {isa = PBXFileReference; lastKnownFileType = folder.assetcatalog; path = Assets.xcassets; sourceTree = "<group>"; };
		F9161044291AC1F3007A4ABD /* Preview Assets.xcassets */ = {isa = PBXFileReference; lastKnownFileType = folder.assetcatalog; path = "Preview Assets.xcassets"; sourceTree = "<group>"; };
		F9161065291ACC14007A4ABD /* resorts.json */ = {isa = PBXFileReference; fileEncoding = 4; lastKnownFileType = text.json; path = resorts.json; sourceTree = "<group>"; };
		F9161067291ACCBC007A4ABD /* Resort.swift */ = {isa = PBXFileReference; lastKnownFileType = sourcecode.swift; path = Resort.swift; sourceTree = "<group>"; };
		F9161069291ACD7D007A4ABD /* Bundle-Decodable.swift */ = {isa = PBXFileReference; lastKnownFileType = sourcecode.swift; path = "Bundle-Decodable.swift"; sourceTree = "<group>"; };
		F9C47C5B291CE7C700791D00 /* WelcomeView.swift */ = {isa = PBXFileReference; lastKnownFileType = sourcecode.swift; path = WelcomeView.swift; sourceTree = "<group>"; };
		F9C47C5D291CED9400791D00 /* ResortView.swift */ = {isa = PBXFileReference; lastKnownFileType = sourcecode.swift; path = ResortView.swift; sourceTree = "<group>"; };
		F9C47C5F291CEEEF00791D00 /* SkiDetailsView.swift */ = {isa = PBXFileReference; lastKnownFileType = sourcecode.swift; path = SkiDetailsView.swift; sourceTree = "<group>"; };
		F9C47C61291D023300791D00 /* ResortDetailsView.swift */ = {isa = PBXFileReference; lastKnownFileType = sourcecode.swift; path = ResortDetailsView.swift; sourceTree = "<group>"; };
		F9C47C63291D1C3300791D00 /* Facility.swift */ = {isa = PBXFileReference; lastKnownFileType = sourcecode.swift; path = Facility.swift; sourceTree = "<group>"; };
		F9C47C65291D22F400791D00 /* Favorites.swift */ = {isa = PBXFileReference; lastKnownFileType = sourcecode.swift; path = Favorites.swift; sourceTree = "<group>"; };
/* End PBXFileReference section */

/* Begin PBXFrameworksBuildPhase section */
		F9161037291AC1F1007A4ABD /* Frameworks */ = {
			isa = PBXFrameworksBuildPhase;
			buildActionMask = 2147483647;
			files = (
			);
			runOnlyForDeploymentPostprocessing = 0;
		};
/* End PBXFrameworksBuildPhase section */

/* Begin PBXGroup section */
		F9161031291AC1F1007A4ABD = {
			isa = PBXGroup;
			children = (
				F916103C291AC1F1007A4ABD /* SnowSeeker */,
				F916103B291AC1F1007A4ABD /* Products */,
			);
			sourceTree = "<group>";
		};
		F916103B291AC1F1007A4ABD /* Products */ = {
			isa = PBXGroup;
			children = (
				F916103A291AC1F1007A4ABD /* SnowSeeker.app */,
			);
			name = Products;
			sourceTree = "<group>";
		};
		F916103C291AC1F1007A4ABD /* SnowSeeker */ = {
			isa = PBXGroup;
			children = (
				F916103D291AC1F1007A4ABD /* SnowSeekerApp.swift */,
				F916103F291AC1F1007A4ABD /* ContentView.swift */,
				F9C47C5B291CE7C700791D00 /* WelcomeView.swift */,
				F9161067291ACCBC007A4ABD /* Resort.swift */,
				F9161069291ACD7D007A4ABD /* Bundle-Decodable.swift */,
				F9C47C5D291CED9400791D00 /* ResortView.swift */,
				F9C47C65291D22F400791D00 /* Favorites.swift */,
				F9C47C63291D1C3300791D00 /* Facility.swift */,
				F9C47C5F291CEEEF00791D00 /* SkiDetailsView.swift */,
				F9C47C61291D023300791D00 /* ResortDetailsView.swift */,
				F9161065291ACC14007A4ABD /* resorts.json */,
				F9161041291AC1F3007A4ABD /* Assets.xcassets */,
				F9161043291AC1F3007A4ABD /* Preview Content */,
			);
			path = SnowSeeker;
			sourceTree = "<group>";
		};
		F9161043291AC1F3007A4ABD /* Preview Content */ = {
			isa = PBXGroup;
			children = (
				F9161044291AC1F3007A4ABD /* Preview Assets.xcassets */,
			);
			path = "Preview Content";
			sourceTree = "<group>";
		};
/* End PBXGroup section */

/* Begin PBXNativeTarget section */
		F9161039291AC1F1007A4ABD /* SnowSeeker */ = {
			isa = PBXNativeTarget;
			buildConfigurationList = F9161048291AC1F3007A4ABD /* Build configuration list for PBXNativeTarget "SnowSeeker" */;
			buildPhases = (
				F9161036291AC1F1007A4ABD /* Sources */,
				F9161037291AC1F1007A4ABD /* Frameworks */,
				F9161038291AC1F1007A4ABD /* Resources */,
			);
			buildRules = (
			);
			dependencies = (
			);
			name = SnowSeeker;
			productName = SnowSeeker;
			productReference = F916103A291AC1F1007A4ABD /* SnowSeeker.app */;
			productType = "com.apple.product-type.application";
		};
/* End PBXNativeTarget section */

/* Begin PBXProject section */
		F9161032291AC1F1007A4ABD /* Project object */ = {
			isa = PBXProject;
			attributes = {
				BuildIndependentTargetsInParallel = 1;
				LastSwiftUpdateCheck = 1410;
				LastUpgradeCheck = 1410;
				TargetAttributes = {
					F9161039291AC1F1007A4ABD = {
						CreatedOnToolsVersion = 14.1;
					};
				};
			};
			buildConfigurationList = F9161035291AC1F1007A4ABD /* Build configuration list for PBXProject "SnowSeeker" */;
			compatibilityVersion = "Xcode 14.0";
			developmentRegion = en;
			hasScannedForEncodings = 0;
			knownRegions = (
				en,
				Base,
			);
			mainGroup = F9161031291AC1F1007A4ABD;
			productRefGroup = F916103B291AC1F1007A4ABD /* Products */;
			projectDirPath = "";
			projectRoot = "";
			targets = (
				F9161039291AC1F1007A4ABD /* SnowSeeker */,
			);
		};
/* End PBXProject section */

/* Begin PBXResourcesBuildPhase section */
		F9161038291AC1F1007A4ABD /* Resources */ = {
			isa = PBXResourcesBuildPhase;
			buildActionMask = 2147483647;
			files = (
				F9161066291ACC14007A4ABD /* resorts.json in Resources */,
				F9161045291AC1F3007A4ABD /* Preview Assets.xcassets in Resources */,
				F9161042291AC1F3007A4ABD /* Assets.xcassets in Resources */,
			);
			runOnlyForDeploymentPostprocessing = 0;
		};
/* End PBXResourcesBuildPhase section */

/* Begin PBXSourcesBuildPhase section */
		F9161036291AC1F1007A4ABD /* Sources */ = {
			isa = PBXSourcesBuildPhase;
			buildActionMask = 2147483647;
			files = (
				F9C47C5C291CE7C800791D00 /* WelcomeView.swift in Sources */,
				F9C47C60291CEEEF00791D00 /* SkiDetailsView.swift in Sources */,
				F9C47C62291D023300791D00 /* ResortDetailsView.swift in Sources */,
				F9C47C66291D22F400791D00 /* Favorites.swift in Sources */,
				F9C47C64291D1C3300791D00 /* Facility.swift in Sources */,
				F9161040291AC1F1007A4ABD /* ContentView.swift in Sources */,
				F9161068291ACCBC007A4ABD /* Resort.swift in Sources */,
				F9C47C5E291CED9400791D00 /* ResortView.swift in Sources */,
				F916103E291AC1F1007A4ABD /* SnowSeekerApp.swift in Sources */,
				F916106A291ACD7D007A4ABD /* Bundle-Decodable.swift in Sources */,
			);
			runOnlyForDeploymentPostprocessing = 0;
		};
/* End PBXSourcesBuildPhase section */

/* Begin XCBuildConfiguration section */
		F9161046291AC1F3007A4ABD /* Debug */ = {
			isa = XCBuildConfiguration;
			buildSettings = {
				ALWAYS_SEARCH_USER_PATHS = NO;
				CLANG_ANALYZER_NONNULL = YES;
				CLANG_ANALYZER_NUMBER_OBJECT_CONVERSION = YES_AGGRESSIVE;
				CLANG_CXX_LANGUAGE_STANDARD = "gnu++20";
				CLANG_ENABLE_MODULES = YES;
				CLANG_ENABLE_OBJC_ARC = YES;
				CLANG_ENABLE_OBJC_WEAK = YES;
				CLANG_WARN_BLOCK_CAPTURE_AUTORELEASING = YES;
				CLANG_WARN_BOOL_CONVERSION = YES;
				CLANG_WARN_COMMA = YES;
				CLANG_WARN_CONSTANT_CONVERSION = YES;
				CLANG_WARN_DEPRECATED_OBJC_IMPLEMENTATIONS = YES;
				CLANG_WARN_DIRECT_OBJC_ISA_USAGE = YES_ERROR;
				CLANG_WARN_DOCUMENTATION_COMMENTS = YES;
				CLANG_WARN_EMPTY_BODY = YES;
				CLANG_WARN_ENUM_CONVERSION = YES;
				CLANG_WARN_INFINITE_RECURSION = YES;
				CLANG_WARN_INT_CONVERSION = YES;
				CLANG_WARN_NON_LITERAL_NULL_CONVERSION = YES;
				CLANG_WARN_OBJC_IMPLICIT_RETAIN_SELF = YES;
				CLANG_WARN_OBJC_LITERAL_CONVERSION = YES;
				CLANG_WARN_OBJC_ROOT_CLASS = YES_ERROR;
				CLANG_WARN_QUOTED_INCLUDE_IN_FRAMEWORK_HEADER = YES;
				CLANG_WARN_RANGE_LOOP_ANALYSIS = YES;
				CLANG_WARN_STRICT_PROTOTYPES = YES;
				CLANG_WARN_SUSPICIOUS_MOVE = YES;
				CLANG_WARN_UNGUARDED_AVAILABILITY = YES_AGGRESSIVE;
				CLANG_WARN_UNREACHABLE_CODE = YES;
				CLANG_WARN__DUPLICATE_METHOD_MATCH = YES;
				COPY_PHASE_STRIP = NO;
				DEBUG_INFORMATION_FORMAT = dwarf;
				ENABLE_STRICT_OBJC_MSGSEND = YES;
				ENABLE_TESTABILITY = YES;
				GCC_C_LANGUAGE_STANDARD = gnu11;
				GCC_DYNAMIC_NO_PIC = NO;
				GCC_NO_COMMON_BLOCKS = YES;
				GCC_OPTIMIZATION_LEVEL = 0;
				GCC_PREPROCESSOR_DEFINITIONS = (
					"DEBUG=1",
					"$(inherited)",
				);
				GCC_WARN_64_TO_32_BIT_CONVERSION = YES;
				GCC_WARN_ABOUT_RETURN_TYPE = YES_ERROR;
				GCC_WARN_UNDECLARED_SELECTOR = YES;
				GCC_WARN_UNINITIALIZED_AUTOS = YES_AGGRESSIVE;
				GCC_WARN_UNUSED_FUNCTION = YES;
				GCC_WARN_UNUSED_VARIABLE = YES;
				IPHONEOS_DEPLOYMENT_TARGET = 16.1;
				MTL_ENABLE_DEBUG_INFO = INCLUDE_SOURCE;
				MTL_FAST_MATH = YES;
				ONLY_ACTIVE_ARCH = YES;
				SDKROOT = iphoneos;
				SWIFT_ACTIVE_COMPILATION_CONDITIONS = DEBUG;
				SWIFT_OPTIMIZATION_LEVEL = "-Onone";
			};
			name = Debug;
		};
		F9161047291AC1F3007A4ABD /* Release */ = {
			isa = XCBuildConfiguration;
			buildSettings = {
				ALWAYS_SEARCH_USER_PATHS = NO;
				CLANG_ANALYZER_NONNULL = YES;
				CLANG_ANALYZER_NUMBER_OBJECT_CONVERSION = YES_AGGRESSIVE;
				CLANG_CXX_LANGUAGE_STANDARD = "gnu++20";
				CLANG_ENABLE_MODULES = YES;
				CLANG_ENABLE_OBJC_ARC = YES;
				CLANG_ENABLE_OBJC_WEAK = YES;
				CLANG_WARN_BLOCK_CAPTURE_AUTORELEASING = YES;
				CLANG_WARN_BOOL_CONVERSION = YES;
				CLANG_WARN_COMMA = YES;
				CLANG_WARN_CONSTANT_CONVERSION = YES;
				CLANG_WARN_DEPRECATED_OBJC_IMPLEMENTATIONS = YES;
				CLANG_WARN_DIRECT_OBJC_ISA_USAGE = YES_ERROR;
				CLANG_WARN_DOCUMENTATION_COMMENTS = YES;
				CLANG_WARN_EMPTY_BODY = YES;
				CLANG_WARN_ENUM_CONVERSION = YES;
				CLANG_WARN_INFINITE_RECURSION = YES;
				CLANG_WARN_INT_CONVERSION = YES;
				CLANG_WARN_NON_LITERAL_NULL_CONVERSION = YES;
				CLANG_WARN_OBJC_IMPLICIT_RETAIN_SELF = YES;
				CLANG_WARN_OBJC_LITERAL_CONVERSION = YES;
				CLANG_WARN_OBJC_ROOT_CLASS = YES_ERROR;
				CLANG_WARN_QUOTED_INCLUDE_IN_FRAMEWORK_HEADER = YES;
				CLANG_WARN_RANGE_LOOP_ANALYSIS = YES;
				CLANG_WARN_STRICT_PROTOTYPES = YES;
				CLANG_WARN_SUSPICIOUS_MOVE = YES;
				CLANG_WARN_UNGUARDED_AVAILABILITY = YES_AGGRESSIVE;
				CLANG_WARN_UNREACHABLE_CODE = YES;
				CLANG_WARN__DUPLICATE_METHOD_MATCH = YES;
				COPY_PHASE_STRIP = NO;
				DEBUG_INFORMATION_FORMAT = "dwarf-with-dsym";
				ENABLE_NS_ASSERTIONS = NO;
				ENABLE_STRICT_OBJC_MSGSEND = YES;
				GCC_C_LANGUAGE_STANDARD = gnu11;
				GCC_NO_COMMON_BLOCKS = YES;
				GCC_WARN_64_TO_32_BIT_CONVERSION = YES;
				GCC_WARN_ABOUT_RETURN_TYPE = YES_ERROR;
				GCC_WARN_UNDECLARED_SELECTOR = YES;
				GCC_WARN_UNINITIALIZED_AUTOS = YES_AGGRESSIVE;
				GCC_WARN_UNUSED_FUNCTION = YES;
				GCC_WARN_UNUSED_VARIABLE = YES;
				IPHONEOS_DEPLOYMENT_TARGET = 16.1;
				MTL_ENABLE_DEBUG_INFO = NO;
				MTL_FAST_MATH = YES;
				SDKROOT = iphoneos;
				SWIFT_COMPILATION_MODE = wholemodule;
				SWIFT_OPTIMIZATION_LEVEL = "-O";
				VALIDATE_PRODUCT = YES;
			};
			name = Release;
		};
		F9161049291AC1F3007A4ABD /* Debug */ = {
			isa = XCBuildConfiguration;
			buildSettings = {
				ASSETCATALOG_COMPILER_APPICON_NAME = AppIcon;
				ASSETCATALOG_COMPILER_GLOBAL_ACCENT_COLOR_NAME = AccentColor;
				CODE_SIGN_STYLE = Automatic;
				CURRENT_PROJECT_VERSION = 1;
				DEVELOPMENT_ASSET_PATHS = "\"SnowSeeker/Preview Content\"";
				ENABLE_PREVIEWS = YES;
				GENERATE_INFOPLIST_FILE = YES;
				INFOPLIST_KEY_UIApplicationSceneManifest_Generation = YES;
				INFOPLIST_KEY_UIApplicationSupportsIndirectInputEvents = YES;
				INFOPLIST_KEY_UILaunchScreen_Generation = YES;
				INFOPLIST_KEY_UISupportedInterfaceOrientations_iPad = "UIInterfaceOrientationPortrait UIInterfaceOrientationPortraitUpsideDown UIInterfaceOrientationLandscapeLeft UIInterfaceOrientationLandscapeRight";
				INFOPLIST_KEY_UISupportedInterfaceOrientations_iPhone = "UIInterfaceOrientationPortrait UIInterfaceOrientationLandscapeLeft UIInterfaceOrientationLandscapeRight";
				LD_RUNPATH_SEARCH_PATHS = (
					"$(inherited)",
					"@executable_path/Frameworks",
				);
				MARKETING_VERSION = 1.0;
				PRODUCT_BUNDLE_IDENTIFIER = com.juan.SnowSeeker;
				PRODUCT_NAME = "$(TARGET_NAME)";
				SWIFT_EMIT_LOC_STRINGS = YES;
				SWIFT_VERSION = 5.0;
				TARGETED_DEVICE_FAMILY = "1,2";
			};
			name = Debug;
		};
		F916104A291AC1F3007A4ABD /* Release */ = {
			isa = XCBuildConfiguration;
			buildSettings = {
				ASSETCATALOG_COMPILER_APPICON_NAME = AppIcon;
				ASSETCATALOG_COMPILER_GLOBAL_ACCENT_COLOR_NAME = AccentColor;
				CODE_SIGN_STYLE = Automatic;
				CURRENT_PROJECT_VERSION = 1;
				DEVELOPMENT_ASSET_PATHS = "\"SnowSeeker/Preview Content\"";
				ENABLE_PREVIEWS = YES;
				GENERATE_INFOPLIST_FILE = YES;
				INFOPLIST_KEY_UIApplicationSceneManifest_Generation = YES;
				INFOPLIST_KEY_UIApplicationSupportsIndirectInputEvents = YES;
				INFOPLIST_KEY_UILaunchScreen_Generation = YES;
				INFOPLIST_KEY_UISupportedInterfaceOrientations_iPad = "UIInterfaceOrientationPortrait UIInterfaceOrientationPortraitUpsideDown UIInterfaceOrientationLandscapeLeft UIInterfaceOrientationLandscapeRight";
				INFOPLIST_KEY_UISupportedInterfaceOrientations_iPhone = "UIInterfaceOrientationPortrait UIInterfaceOrientationLandscapeLeft UIInterfaceOrientationLandscapeRight";
				LD_RUNPATH_SEARCH_PATHS = (
					"$(inherited)",
					"@executable_path/Frameworks",
				);
				MARKETING_VERSION = 1.0;
				PRODUCT_BUNDLE_IDENTIFIER = com.juan.SnowSeeker;
				PRODUCT_NAME = "$(TARGET_NAME)";
				SWIFT_EMIT_LOC_STRINGS = YES;
				SWIFT_VERSION = 5.0;
				TARGETED_DEVICE_FAMILY = "1,2";
			};
			name = Release;
		};
/* End XCBuildConfiguration section */

/* Begin XCConfigurationList section */
		F9161035291AC1F1007A4ABD /* Build configuration list for PBXProject "SnowSeeker" */ = {
			isa = XCConfigurationList;
			buildConfigurations = (
				F9161046291AC1F3007A4ABD /* Debug */,
				F9161047291AC1F3007A4ABD /* Release */,
			);
			defaultConfigurationIsVisible = 0;
			defaultConfigurationName = Release;
		};
		F9161048291AC1F3007A4ABD /* Build configuration list for PBXNativeTarget "SnowSeeker" */ = {
			isa = XCConfigurationList;
			buildConfigurations = (
				F9161049291AC1F3007A4ABD /* Debug */,
				F916104A291AC1F3007A4ABD /* Release */,
			);
			defaultConfigurationIsVisible = 0;
			defaultConfigurationName = Release;
		};
/* End XCConfigurationList section */
	};
	rootObject = F9161032291AC1F1007A4ABD /* Project object */;
}
